
Microsoft Visual Studio Solution File, Format Version 12.00
# Visual Studio Version 17
VisualStudioVersion = 17.3.32714.290
MinimumVisualStudioVersion = 10.0.40219.1
Project("{FAE04EC0-301F-11D3-BF4B-00C04F79EFBC}") = "my-clinic-api", "my-clinic-api\my-clinic-api.csproj", "{7FB786A4-515A-448B-BE7D-94D940449585}"
EndProject
Global
	GlobalSection(SolutionConfigurationPlatforms) = preSolution
		Debug|Any CPU = Debug|Any CPU
		Release|Any CPU = Release|Any CPU
	EndGlobalSection
	GlobalSection(ProjectConfigurationPlatforms) = postSolution
		{7FB786A4-515A-448B-BE7D-94D940449585}.Debug|Any CPU.ActiveCfg = Debug|Any CPU
		{7FB786A4-515A-448B-BE7D-94D940449585}.Debug|Any CPU.Build.0 = Debug|Any CPU
		{7FB786A4-515A-448B-BE7D-94D940449585}.Release|Any CPU.ActiveCfg = Release|Any CPU
		{7FB786A4-515A-448B-BE7D-94D940449585}.Release|Any CPU.Build.0 = Release|Any CPU
	EndGlobalSection
	GlobalSection(SolutionProperties) = preSolution
		HideSolutionNode = FALSE
	EndGlobalSection
	GlobalSection(ExtensibilityGlobals) = postSolution
		SolutionGuid = {35747508-3335-49C6-921B-F202ED304E46}
	EndGlobalSection
EndGlobal
